
Microsoft Visual Studio Solution File, Format Version 12.00
# Visual Studio Version 17
VisualStudioVersion = 17.14.36203.30 d17.14
MinimumVisualStudioVersion = 10.0.40219.1
Project("{FAE04EC0-301F-11D3-BF4B-00C04F79EFBC}") = "Primer_proyecto", "Primer_proyecto\Primer_proyecto.csproj", "{925AA39E-DBDC-48C1-9555-9C1A0640C649}"
EndProject
Global
	GlobalSection(SolutionConfigurationPlatforms) = preSolution
		Debug|Any CPU = Debug|Any CPU
		Release|Any CPU = Release|Any CPU
	EndGlobalSection
	GlobalSection(ProjectConfigurationPlatforms) = postSolution
		{925AA39E-DBDC-48C1-9555-9C1A0640C649}.Debug|Any CPU.ActiveCfg = Debug|Any CPU
		{925AA39E-DBDC-48C1-9555-9C1A0640C649}.Debug|Any CPU.Build.0 = Debug|Any CPU
		{925AA39E-DBDC-48C1-9555-9C1A0640C649}.Release|Any CPU.ActiveCfg = Release|Any CPU
		{925AA39E-DBDC-48C1-9555-9C1A0640C649}.Release|Any CPU.Build.0 = Release|Any CPU
	EndGlobalSection
	GlobalSection(SolutionProperties) = preSolution
		HideSolutionNode = FALSE
	EndGlobalSection
	GlobalSection(ExtensibilityGlobals) = postSolution
		SolutionGuid = {0681A349-A28D-4982-84B4-ACA11FE6EFD8}
	EndGlobalSection
EndGlobal
